{
  "object": {
    "pins": [
      {
        "package": "Eureka",
        "repositoryURL": "https://github.com/xmartlabs/Eureka",
        "state": {
          "branch": null,
          "revision": "523af88efc83cdaf39b415446be1ca1529f5664d",
          "version": "5.3.3"
        }
      },
      {
        "package": "PKHUD",
        "repositoryURL": "https://github.com/pkluz/PKHUD",
        "state": {
          "branch": null,
          "revision": "8fd26f23057c6bebd6695524b1c3e05e93aba571",
          "version": "5.4.0"
        }
      },
      {
        "package": "Realm",
        "repositoryURL": "https://github.com/realm/realm-cocoa",
        "state": {
          "branch": null,
          "revision": "83a07f6a508c3427058d9e2c466208d0b6a960fa",
          "version": "10.12.0"
        }
      },
      {
        "package": "RealmDatabase",
        "repositoryURL": "https://github.com/realm/realm-core",
        "state": {
          "branch": null,
          "revision": "e72b3078bfc5c3f69a0b18f7a220be27e28c463f",
          "version": "11.2.0"
        }
      }
    ]
  },
  "version": 1
}
