{
  "object": {
    "pins": [
      {
        "package": "Eureka",
        "repositoryURL": "https://github.com/xmartlabs/Eureka",
        "state": {
          "branch": null,
          "revision": "523af88efc83cdaf39b415446be1ca1529f5664d",
          "version": "5.3.3"
        }
      },
      {
        "package": "PKHUD",
        "repositoryURL": "https://github.com/pkluz/PKHUD",
        "state": {
          "branch": null,
          "revision": "8fd26f23057c6bebd6695524b1c3e05e93aba571",
          "version": "5.4.0"
        }
      },
      {
        "package": "Realm",
        "repositoryURL": "https://github.com/realm/realm-cocoa",
        "state": {
          "branch": null,
          "revision": "628c59a9048aae3b6bcf129ba56216dbe3dce808",
          "version": "10.9.0"
        }
      },
      {
        "package": "RealmDatabase",
        "repositoryURL": "https://github.com/realm/realm-core",
        "state": {
          "branch": null,
          "revision": "95da0df7815d7cbaff14ed5e8b73fe4c2a992816",
          "version": "11.0.4"
        }
      }
    ]
  },
  "version": 1
}
