// !$*UTF8*$!
{
	archiveVersion = 1;
	classes = {
	};
	objectVersion = 52;
	objects = {

/* Begin PBXBuildFile section */
		CE2C444E2681BCB100B8F698 /* AddRowButton.swift in Sources */ = {isa = PBXBuildFile; fileRef = CE2C444D2681BCB100B8F698 /* AddRowButton.swift */; };
		CE449651269D296B007E4F6A /* Eureka in Frameworks */ = {isa = PBXBuildFile; productRef = CE449650269D296B007E4F6A /* Eureka */; };
		CE449654269D29FA007E4F6A /* PKHUD in Frameworks */ = {isa = PBXBuildFile; productRef = CE449653269D29FA007E4F6A /* PKHUD */; };
		CE46A6FC269EB91500D33530 /* CustomCell.swift in Sources */ = {isa = PBXBuildFile; fileRef = CE46A6FA269EB91500D33530 /* CustomCell.swift */; };
		CE46A6FD269EB91500D33530 /* CustomCell.xib in Resources */ = {isa = PBXBuildFile; fileRef = CE46A6FB269EB91500D33530 /* CustomCell.xib */; };
		CE4AADFB268C475D00AFD70F /* Model.swift in Sources */ = {isa = PBXBuildFile; fileRef = CE4AADFA268C475D00AFD70F /* Model.swift */; };
		CE5084A6269C33FA0049ED7D /* AppSettingViewController.swift in Sources */ = {isa = PBXBuildFile; fileRef = CE5084A5269C33FA0049ED7D /* AppSettingViewController.swift */; };
		CE5084A8269C341E0049ED7D /* AppSetting.storyboard in Resources */ = {isa = PBXBuildFile; fileRef = CE5084A7269C341E0049ED7D /* AppSetting.storyboard */; };
		CE79A56B268AE4A900BBA00C /* Degree.swift in Sources */ = {isa = PBXBuildFile; fileRef = CE79A56A268AE4A900BBA00C /* Degree.swift */; };
		CE82BC1D2682FAFF009550EB /* ColorSelectViewController.swift in Sources */ = {isa = PBXBuildFile; fileRef = CE82BC1C2682FAFF009550EB /* ColorSelectViewController.swift */; };
		CE82BC1F26831741009550EB /* ColorSelectPresentationController.swift in Sources */ = {isa = PBXBuildFile; fileRef = CE82BC1E26831740009550EB /* ColorSelectPresentationController.swift */; };
		CE82BC2126831BC7009550EB /* ColorSelect.storyboard in Resources */ = {isa = PBXBuildFile; fileRef = CE82BC2026831BC7009550EB /* ColorSelect.storyboard */; };
		CE82BC2426831DD3009550EB /* CollectionViewCell.swift in Sources */ = {isa = PBXBuildFile; fileRef = CE82BC2226831DD3009550EB /* CollectionViewCell.swift */; };
		CE82BC2526831DD3009550EB /* CollectionViewCell.xib in Resources */ = {isa = PBXBuildFile; fileRef = CE82BC2326831DD3009550EB /* CollectionViewCell.xib */; };
		CEA6113B2678688D00751566 /* AppDelegate.swift in Sources */ = {isa = PBXBuildFile; fileRef = CEA6113A2678688D00751566 /* AppDelegate.swift */; };
		CEA6113D2678688D00751566 /* SceneDelegate.swift in Sources */ = {isa = PBXBuildFile; fileRef = CEA6113C2678688D00751566 /* SceneDelegate.swift */; };
		CEA611422678688D00751566 /* Roulette.storyboard in Resources */ = {isa = PBXBuildFile; fileRef = CEA611402678688D00751566 /* Roulette.storyboard */; };
		CEA611442678688F00751566 /* Assets.xcassets in Resources */ = {isa = PBXBuildFile; fileRef = CEA611432678688F00751566 /* Assets.xcassets */; };
		CEA611472678688F00751566 /* LaunchScreen.storyboard in Resources */ = {isa = PBXBuildFile; fileRef = CEA611452678688F00751566 /* LaunchScreen.storyboard */; };
		CEA611522678689000751566 /* rouletteTests.swift in Sources */ = {isa = PBXBuildFile; fileRef = CEA611512678689000751566 /* rouletteTests.swift */; };
		CEA6115D2678689000751566 /* rouletteUITests.swift in Sources */ = {isa = PBXBuildFile; fileRef = CEA6115C2678689000751566 /* rouletteUITests.swift */; };
		CEA6116B267868D600751566 /* RouletteViewController.swift in Sources */ = {isa = PBXBuildFile; fileRef = CEA6116A267868D600751566 /* RouletteViewController.swift */; };
		CEB6C2CC268EF11D00C597F1 /* SetDataViewController.swift in Sources */ = {isa = PBXBuildFile; fileRef = CEB6C2CB268EF11D00C597F1 /* SetDataViewController.swift */; };
		CEB6C2CE268EF68F00C597F1 /* SetData.storyboard in Resources */ = {isa = PBXBuildFile; fileRef = CEB6C2CD268EF68F00C597F1 /* SetData.storyboard */; };
		CEB6C2D1268F0A6100C597F1 /* RealmSwift in Frameworks */ = {isa = PBXBuildFile; productRef = CEB6C2D0268F0A6100C597F1 /* RealmSwift */; };
		CEC5901726807D28005A47D6 /* HomeViewController.swift in Sources */ = {isa = PBXBuildFile; fileRef = CEC5901626807D28005A47D6 /* HomeViewController.swift */; };
		CEC5901926807D3D005A47D6 /* NewDataViewController.swift in Sources */ = {isa = PBXBuildFile; fileRef = CEC5901826807D3D005A47D6 /* NewDataViewController.swift */; };
		CEC5901C26807D79005A47D6 /* Home.storyboard in Resources */ = {isa = PBXBuildFile; fileRef = CEC5901B26807D79005A47D6 /* Home.storyboard */; };
		CEC5901E26807D85005A47D6 /* NewData.storyboard in Resources */ = {isa = PBXBuildFile; fileRef = CEC5901D26807D85005A47D6 /* NewData.storyboard */; };
		CEC590212680807E005A47D6 /* Extension.swift in Sources */ = {isa = PBXBuildFile; fileRef = CEC590202680807E005A47D6 /* Extension.swift */; };
		CEC5902626808559005A47D6 /* TableViewCell.swift in Sources */ = {isa = PBXBuildFile; fileRef = CEC5902426808559005A47D6 /* TableViewCell.swift */; };
		CEC5902726808559005A47D6 /* TableViewCell.xib in Resources */ = {isa = PBXBuildFile; fileRef = CEC5902526808559005A47D6 /* TableViewCell.xib */; };
/* End PBXBuildFile section */

/* Begin PBXContainerItemProxy section */
		CEA6114E2678689000751566 /* PBXContainerItemProxy */ = {
			isa = PBXContainerItemProxy;
			containerPortal = CEA6112F2678688D00751566 /* Project object */;
			proxyType = 1;
			remoteGlobalIDString = CEA611362678688D00751566;
			remoteInfo = roulette;
		};
		CEA611592678689000751566 /* PBXContainerItemProxy */ = {
			isa = PBXContainerItemProxy;
			containerPortal = CEA6112F2678688D00751566 /* Project object */;
			proxyType = 1;
			remoteGlobalIDString = CEA611362678688D00751566;
			remoteInfo = roulette;
		};
/* End PBXContainerItemProxy section */

/* Begin PBXFileReference section */
		CE2C444D2681BCB100B8F698 /* AddRowButton.swift */ = {isa = PBXFileReference; lastKnownFileType = sourcecode.swift; path = AddRowButton.swift; sourceTree = "<group>"; };
		CE46A6FA269EB91500D33530 /* CustomCell.swift */ = {isa = PBXFileReference; lastKnownFileType = sourcecode.swift; path = CustomCell.swift; sourceTree = "<group>"; };
		CE46A6FB269EB91500D33530 /* CustomCell.xib */ = {isa = PBXFileReference; lastKnownFileType = file.xib; path = CustomCell.xib; sourceTree = "<group>"; };
		CE4AADFA268C475D00AFD70F /* Model.swift */ = {isa = PBXFileReference; lastKnownFileType = sourcecode.swift; path = Model.swift; sourceTree = "<group>"; };
		CE5084A5269C33FA0049ED7D /* AppSettingViewController.swift */ = {isa = PBXFileReference; lastKnownFileType = sourcecode.swift; path = AppSettingViewController.swift; sourceTree = "<group>"; };
		CE5084A7269C341E0049ED7D /* AppSetting.storyboard */ = {isa = PBXFileReference; lastKnownFileType = file.storyboard; path = AppSetting.storyboard; sourceTree = "<group>"; };
		CE79A56A268AE4A900BBA00C /* Degree.swift */ = {isa = PBXFileReference; lastKnownFileType = sourcecode.swift; path = Degree.swift; sourceTree = "<group>"; };
		CE82BC1C2682FAFF009550EB /* ColorSelectViewController.swift */ = {isa = PBXFileReference; lastKnownFileType = sourcecode.swift; path = ColorSelectViewController.swift; sourceTree = "<group>"; };
		CE82BC1E26831740009550EB /* ColorSelectPresentationController.swift */ = {isa = PBXFileReference; lastKnownFileType = sourcecode.swift; path = ColorSelectPresentationController.swift; sourceTree = "<group>"; };
		CE82BC2026831BC7009550EB /* ColorSelect.storyboard */ = {isa = PBXFileReference; lastKnownFileType = file.storyboard; path = ColorSelect.storyboard; sourceTree = "<group>"; };
		CE82BC2226831DD3009550EB /* CollectionViewCell.swift */ = {isa = PBXFileReference; lastKnownFileType = sourcecode.swift; path = CollectionViewCell.swift; sourceTree = "<group>"; };
		CE82BC2326831DD3009550EB /* CollectionViewCell.xib */ = {isa = PBXFileReference; lastKnownFileType = file.xib; path = CollectionViewCell.xib; sourceTree = "<group>"; };
		CEA611372678688D00751566 /* roulette.app */ = {isa = PBXFileReference; explicitFileType = wrapper.application; includeInIndex = 0; path = roulette.app; sourceTree = BUILT_PRODUCTS_DIR; };
		CEA6113A2678688D00751566 /* AppDelegate.swift */ = {isa = PBXFileReference; lastKnownFileType = sourcecode.swift; path = AppDelegate.swift; sourceTree = "<group>"; };
		CEA6113C2678688D00751566 /* SceneDelegate.swift */ = {isa = PBXFileReference; lastKnownFileType = sourcecode.swift; path = SceneDelegate.swift; sourceTree = "<group>"; };
		CEA611412678688D00751566 /* Base */ = {isa = PBXFileReference; lastKnownFileType = file.storyboard; name = Base; path = Base.lproj/Roulette.storyboard; sourceTree = "<group>"; };
		CEA611432678688F00751566 /* Assets.xcassets */ = {isa = PBXFileReference; lastKnownFileType = folder.assetcatalog; path = Assets.xcassets; sourceTree = "<group>"; };
		CEA611462678688F00751566 /* Base */ = {isa = PBXFileReference; lastKnownFileType = file.storyboard; name = Base; path = Base.lproj/LaunchScreen.storyboard; sourceTree = "<group>"; };
		CEA611482678688F00751566 /* Info.plist */ = {isa = PBXFileReference; lastKnownFileType = text.plist.xml; path = Info.plist; sourceTree = "<group>"; };
		CEA6114D2678689000751566 /* rouletteTests.xctest */ = {isa = PBXFileReference; explicitFileType = wrapper.cfbundle; includeInIndex = 0; path = rouletteTests.xctest; sourceTree = BUILT_PRODUCTS_DIR; };
		CEA611512678689000751566 /* rouletteTests.swift */ = {isa = PBXFileReference; lastKnownFileType = sourcecode.swift; path = rouletteTests.swift; sourceTree = "<group>"; };
		CEA611532678689000751566 /* Info.plist */ = {isa = PBXFileReference; lastKnownFileType = text.plist.xml; path = Info.plist; sourceTree = "<group>"; };
		CEA611582678689000751566 /* rouletteUITests.xctest */ = {isa = PBXFileReference; explicitFileType = wrapper.cfbundle; includeInIndex = 0; path = rouletteUITests.xctest; sourceTree = BUILT_PRODUCTS_DIR; };
		CEA6115C2678689000751566 /* rouletteUITests.swift */ = {isa = PBXFileReference; lastKnownFileType = sourcecode.swift; path = rouletteUITests.swift; sourceTree = "<group>"; };
		CEA6115E2678689000751566 /* Info.plist */ = {isa = PBXFileReference; lastKnownFileType = text.plist.xml; path = Info.plist; sourceTree = "<group>"; };
		CEA6116A267868D600751566 /* RouletteViewController.swift */ = {isa = PBXFileReference; lastKnownFileType = sourcecode.swift; path = RouletteViewController.swift; sourceTree = "<group>"; };
		CEB6C2CB268EF11D00C597F1 /* SetDataViewController.swift */ = {isa = PBXFileReference; lastKnownFileType = sourcecode.swift; path = SetDataViewController.swift; sourceTree = "<group>"; };
		CEB6C2CD268EF68F00C597F1 /* SetData.storyboard */ = {isa = PBXFileReference; lastKnownFileType = file.storyboard; path = SetData.storyboard; sourceTree = "<group>"; };
		CEC5901626807D28005A47D6 /* HomeViewController.swift */ = {isa = PBXFileReference; lastKnownFileType = sourcecode.swift; path = HomeViewController.swift; sourceTree = "<group>"; };
		CEC5901826807D3D005A47D6 /* NewDataViewController.swift */ = {isa = PBXFileReference; lastKnownFileType = sourcecode.swift; path = NewDataViewController.swift; sourceTree = "<group>"; };
		CEC5901B26807D79005A47D6 /* Home.storyboard */ = {isa = PBXFileReference; lastKnownFileType = file.storyboard; path = Home.storyboard; sourceTree = "<group>"; };
		CEC5901D26807D85005A47D6 /* NewData.storyboard */ = {isa = PBXFileReference; lastKnownFileType = file.storyboard; path = NewData.storyboard; sourceTree = "<group>"; };
		CEC590202680807E005A47D6 /* Extension.swift */ = {isa = PBXFileReference; lastKnownFileType = sourcecode.swift; path = Extension.swift; sourceTree = "<group>"; };
		CEC5902426808559005A47D6 /* TableViewCell.swift */ = {isa = PBXFileReference; lastKnownFileType = sourcecode.swift; path = TableViewCell.swift; sourceTree = "<group>"; };
		CEC5902526808559005A47D6 /* TableViewCell.xib */ = {isa = PBXFileReference; lastKnownFileType = file.xib; path = TableViewCell.xib; sourceTree = "<group>"; };
/* End PBXFileReference section */

/* Begin PBXFrameworksBuildPhase section */
		CEA611342678688D00751566 /* Frameworks */ = {
			isa = PBXFrameworksBuildPhase;
			buildActionMask = 2147483647;
			files = (
				CE449654269D29FA007E4F6A /* PKHUD in Frameworks */,
				CEB6C2D1268F0A6100C597F1 /* RealmSwift in Frameworks */,
				CE449651269D296B007E4F6A /* Eureka in Frameworks */,
			);
			runOnlyForDeploymentPostprocessing = 0;
		};
		CEA6114A2678689000751566 /* Frameworks */ = {
			isa = PBXFrameworksBuildPhase;
			buildActionMask = 2147483647;
			files = (
			);
			runOnlyForDeploymentPostprocessing = 0;
		};
		CEA611552678689000751566 /* Frameworks */ = {
			isa = PBXFrameworksBuildPhase;
			buildActionMask = 2147483647;
			files = (
			);
			runOnlyForDeploymentPostprocessing = 0;
		};
/* End PBXFrameworksBuildPhase section */

/* Begin PBXGroup section */
		CEA6112E2678688D00751566 = {
			isa = PBXGroup;
			children = (
				CEA611392678688D00751566 /* roulette */,
				CEA611502678689000751566 /* rouletteTests */,
				CEA6115B2678689000751566 /* rouletteUITests */,
				CEA611382678688D00751566 /* Products */,
			);
			sourceTree = "<group>";
		};
		CEA611382678688D00751566 /* Products */ = {
			isa = PBXGroup;
			children = (
				CEA611372678688D00751566 /* roulette.app */,
				CEA6114D2678689000751566 /* rouletteTests.xctest */,
				CEA611582678689000751566 /* rouletteUITests.xctest */,
			);
			name = Products;
			sourceTree = "<group>";
		};
		CEA611392678688D00751566 /* roulette */ = {
			isa = PBXGroup;
			children = (
				CEA6113A2678688D00751566 /* AppDelegate.swift */,
				CEA6113C2678688D00751566 /* SceneDelegate.swift */,
				CEC5901F2680805F005A47D6 /* extension, model, logic */,
				CEC59022268080A4005A47D6 /* viewControllers */,
				CEC5902326808510005A47D6 /* xib */,
				CEC5901A26807D5D005A47D6 /* storyboards */,
				CEA611432678688F00751566 /* Assets.xcassets */,
				CEA611452678688F00751566 /* LaunchScreen.storyboard */,
				CEA611482678688F00751566 /* Info.plist */,
			);
			path = roulette;
			sourceTree = "<group>";
		};
		CEA611502678689000751566 /* rouletteTests */ = {
			isa = PBXGroup;
			children = (
				CEA611512678689000751566 /* rouletteTests.swift */,
				CEA611532678689000751566 /* Info.plist */,
			);
			path = rouletteTests;
			sourceTree = "<group>";
		};
		CEA6115B2678689000751566 /* rouletteUITests */ = {
			isa = PBXGroup;
			children = (
				CEA6115C2678689000751566 /* rouletteUITests.swift */,
				CEA6115E2678689000751566 /* Info.plist */,
			);
			path = rouletteUITests;
			sourceTree = "<group>";
		};
		CEC5901A26807D5D005A47D6 /* storyboards */ = {
			isa = PBXGroup;
			children = (
				CEA611402678688D00751566 /* Roulette.storyboard */,
				CEC5901B26807D79005A47D6 /* Home.storyboard */,
				CEC5901D26807D85005A47D6 /* NewData.storyboard */,
				CEB6C2CD268EF68F00C597F1 /* SetData.storyboard */,
				CE5084A7269C341E0049ED7D /* AppSetting.storyboard */,
				CE82BC2026831BC7009550EB /* ColorSelect.storyboard */,
			);
			path = storyboards;
			sourceTree = "<group>";
		};
		CEC5901F2680805F005A47D6 /* extension, model, logic */ = {
			isa = PBXGroup;
			children = (
				CEC590202680807E005A47D6 /* Extension.swift */,
				CE79A56A268AE4A900BBA00C /* Degree.swift */,
				CE2C444D2681BCB100B8F698 /* AddRowButton.swift */,
				CE4AADFA268C475D00AFD70F /* Model.swift */,
			);
			path = "extension, model, logic";
			sourceTree = "<group>";
		};
		CEC59022268080A4005A47D6 /* viewControllers */ = {
			isa = PBXGroup;
			children = (
				CEA6116A267868D600751566 /* RouletteViewController.swift */,
				CEC5901626807D28005A47D6 /* HomeViewController.swift */,
				CEB6C2CB268EF11D00C597F1 /* SetDataViewController.swift */,
				CEC5901826807D3D005A47D6 /* NewDataViewController.swift */,
				CE5084A5269C33FA0049ED7D /* AppSettingViewController.swift */,
				CE82BC1C2682FAFF009550EB /* ColorSelectViewController.swift */,
				CE82BC1E26831740009550EB /* ColorSelectPresentationController.swift */,
			);
			path = viewControllers;
			sourceTree = "<group>";
		};
		CEC5902326808510005A47D6 /* xib */ = {
			isa = PBXGroup;
			children = (
				CEC5902426808559005A47D6 /* TableViewCell.swift */,
				CEC5902526808559005A47D6 /* TableViewCell.xib */,
				CE82BC2226831DD3009550EB /* CollectionViewCell.swift */,
				CE82BC2326831DD3009550EB /* CollectionViewCell.xib */,
				CE46A6FA269EB91500D33530 /* CustomCell.swift */,
				CE46A6FB269EB91500D33530 /* CustomCell.xib */,
			);
			name = xib;
			path = viewControllers;
			sourceTree = "<group>";
		};
/* End PBXGroup section */

/* Begin PBXNativeTarget section */
		CEA611362678688D00751566 /* roulette */ = {
			isa = PBXNativeTarget;
			buildConfigurationList = CEA611612678689000751566 /* Build configuration list for PBXNativeTarget "roulette" */;
			buildPhases = (
				CEA611332678688D00751566 /* Sources */,
				CEA611342678688D00751566 /* Frameworks */,
				CEA611352678688D00751566 /* Resources */,
			);
			buildRules = (
			);
			dependencies = (
			);
			name = roulette;
			packageProductDependencies = (
				CEB6C2D0268F0A6100C597F1 /* RealmSwift */,
				CE449650269D296B007E4F6A /* Eureka */,
				CE449653269D29FA007E4F6A /* PKHUD */,
			);
			productName = roulette;
			productReference = CEA611372678688D00751566 /* roulette.app */;
			productType = "com.apple.product-type.application";
		};
		CEA6114C2678689000751566 /* rouletteTests */ = {
			isa = PBXNativeTarget;
			buildConfigurationList = CEA611642678689000751566 /* Build configuration list for PBXNativeTarget "rouletteTests" */;
			buildPhases = (
				CEA611492678689000751566 /* Sources */,
				CEA6114A2678689000751566 /* Frameworks */,
				CEA6114B2678689000751566 /* Resources */,
			);
			buildRules = (
			);
			dependencies = (
				CEA6114F2678689000751566 /* PBXTargetDependency */,
			);
			name = rouletteTests;
			productName = rouletteTests;
			productReference = CEA6114D2678689000751566 /* rouletteTests.xctest */;
			productType = "com.apple.product-type.bundle.unit-test";
		};
		CEA611572678689000751566 /* rouletteUITests */ = {
			isa = PBXNativeTarget;
			buildConfigurationList = CEA611672678689000751566 /* Build configuration list for PBXNativeTarget "rouletteUITests" */;
			buildPhases = (
				CEA611542678689000751566 /* Sources */,
				CEA611552678689000751566 /* Frameworks */,
				CEA611562678689000751566 /* Resources */,
			);
			buildRules = (
			);
			dependencies = (
				CEA6115A2678689000751566 /* PBXTargetDependency */,
			);
			name = rouletteUITests;
			productName = rouletteUITests;
			productReference = CEA611582678689000751566 /* rouletteUITests.xctest */;
			productType = "com.apple.product-type.bundle.ui-testing";
		};
/* End PBXNativeTarget section */

/* Begin PBXProject section */
		CEA6112F2678688D00751566 /* Project object */ = {
			isa = PBXProject;
			attributes = {
				LastSwiftUpdateCheck = 1250;
				LastUpgradeCheck = 1250;
				TargetAttributes = {
					CEA611362678688D00751566 = {
						CreatedOnToolsVersion = 12.5;
					};
					CEA6114C2678689000751566 = {
						CreatedOnToolsVersion = 12.5;
						TestTargetID = CEA611362678688D00751566;
					};
					CEA611572678689000751566 = {
						CreatedOnToolsVersion = 12.5;
						TestTargetID = CEA611362678688D00751566;
					};
				};
			};
			buildConfigurationList = CEA611322678688D00751566 /* Build configuration list for PBXProject "roulette" */;
			compatibilityVersion = "Xcode 9.3";
			developmentRegion = en;
			hasScannedForEncodings = 0;
			knownRegions = (
				en,
				Base,
			);
			mainGroup = CEA6112E2678688D00751566;
			packageReferences = (
				CEB6C2CF268F0A6100C597F1 /* XCRemoteSwiftPackageReference "realm-cocoa" */,
				CE44964F269D296B007E4F6A /* XCRemoteSwiftPackageReference "Eureka" */,
				CE449652269D29FA007E4F6A /* XCRemoteSwiftPackageReference "PKHUD" */,
			);
			productRefGroup = CEA611382678688D00751566 /* Products */;
			projectDirPath = "";
			projectRoot = "";
			targets = (
				CEA611362678688D00751566 /* roulette */,
				CEA6114C2678689000751566 /* rouletteTests */,
				CEA611572678689000751566 /* rouletteUITests */,
			);
		};
/* End PBXProject section */

/* Begin PBXResourcesBuildPhase section */
		CEA611352678688D00751566 /* Resources */ = {
			isa = PBXResourcesBuildPhase;
			buildActionMask = 2147483647;
			files = (
				CEB6C2CE268EF68F00C597F1 /* SetData.storyboard in Resources */,
				CE46A6FD269EB91500D33530 /* CustomCell.xib in Resources */,
				CE5084A8269C341E0049ED7D /* AppSetting.storyboard in Resources */,
				CEA611472678688F00751566 /* LaunchScreen.storyboard in Resources */,
				CEC5902726808559005A47D6 /* TableViewCell.xib in Resources */,
				CEC5901E26807D85005A47D6 /* NewData.storyboard in Resources */,
				CE82BC2126831BC7009550EB /* ColorSelect.storyboard in Resources */,
				CEA611442678688F00751566 /* Assets.xcassets in Resources */,
				CEA611422678688D00751566 /* Roulette.storyboard in Resources */,
				CE82BC2526831DD3009550EB /* CollectionViewCell.xib in Resources */,
				CEC5901C26807D79005A47D6 /* Home.storyboard in Resources */,
			);
			runOnlyForDeploymentPostprocessing = 0;
		};
		CEA6114B2678689000751566 /* Resources */ = {
			isa = PBXResourcesBuildPhase;
			buildActionMask = 2147483647;
			files = (
			);
			runOnlyForDeploymentPostprocessing = 0;
		};
		CEA611562678689000751566 /* Resources */ = {
			isa = PBXResourcesBuildPhase;
			buildActionMask = 2147483647;
			files = (
			);
			runOnlyForDeploymentPostprocessing = 0;
		};
/* End PBXResourcesBuildPhase section */

/* Begin PBXSourcesBuildPhase section */
		CEA611332678688D00751566 /* Sources */ = {
			isa = PBXSourcesBuildPhase;
			buildActionMask = 2147483647;
			files = (
				CEC5901926807D3D005A47D6 /* NewDataViewController.swift in Sources */,
				CEA6113B2678688D00751566 /* AppDelegate.swift in Sources */,
				CE82BC1D2682FAFF009550EB /* ColorSelectViewController.swift in Sources */,
				CEB6C2CC268EF11D00C597F1 /* SetDataViewController.swift in Sources */,
				CE2C444E2681BCB100B8F698 /* AddRowButton.swift in Sources */,
				CEA6113D2678688D00751566 /* SceneDelegate.swift in Sources */,
				CE46A6FC269EB91500D33530 /* CustomCell.swift in Sources */,
				CE5084A6269C33FA0049ED7D /* AppSettingViewController.swift in Sources */,
				CEC590212680807E005A47D6 /* Extension.swift in Sources */,
				CE4AADFB268C475D00AFD70F /* Model.swift in Sources */,
				CEA6116B267868D600751566 /* RouletteViewController.swift in Sources */,
				CEC5902626808559005A47D6 /* TableViewCell.swift in Sources */,
				CEC5901726807D28005A47D6 /* HomeViewController.swift in Sources */,
				CE82BC1F26831741009550EB /* ColorSelectPresentationController.swift in Sources */,
				CE82BC2426831DD3009550EB /* CollectionViewCell.swift in Sources */,
				CE79A56B268AE4A900BBA00C /* Degree.swift in Sources */,
			);
			runOnlyForDeploymentPostprocessing = 0;
		};
		CEA611492678689000751566 /* Sources */ = {
			isa = PBXSourcesBuildPhase;
			buildActionMask = 2147483647;
			files = (
				CEA611522678689000751566 /* rouletteTests.swift in Sources */,
			);
			runOnlyForDeploymentPostprocessing = 0;
		};
		CEA611542678689000751566 /* Sources */ = {
			isa = PBXSourcesBuildPhase;
			buildActionMask = 2147483647;
			files = (
				CEA6115D2678689000751566 /* rouletteUITests.swift in Sources */,
			);
			runOnlyForDeploymentPostprocessing = 0;
		};
/* End PBXSourcesBuildPhase section */

/* Begin PBXTargetDependency section */
		CEA6114F2678689000751566 /* PBXTargetDependency */ = {
			isa = PBXTargetDependency;
			target = CEA611362678688D00751566 /* roulette */;
			targetProxy = CEA6114E2678689000751566 /* PBXContainerItemProxy */;
		};
		CEA6115A2678689000751566 /* PBXTargetDependency */ = {
			isa = PBXTargetDependency;
			target = CEA611362678688D00751566 /* roulette */;
			targetProxy = CEA611592678689000751566 /* PBXContainerItemProxy */;
		};
/* End PBXTargetDependency section */

/* Begin PBXVariantGroup section */
		CEA611402678688D00751566 /* Roulette.storyboard */ = {
			isa = PBXVariantGroup;
			children = (
				CEA611412678688D00751566 /* Base */,
			);
			name = Roulette.storyboard;
			sourceTree = "<group>";
		};
		CEA611452678688F00751566 /* LaunchScreen.storyboard */ = {
			isa = PBXVariantGroup;
			children = (
				CEA611462678688F00751566 /* Base */,
			);
			name = LaunchScreen.storyboard;
			sourceTree = "<group>";
		};
/* End PBXVariantGroup section */

/* Begin XCBuildConfiguration section */
		CEA6115F2678689000751566 /* Debug */ = {
			isa = XCBuildConfiguration;
			buildSettings = {
				ALWAYS_SEARCH_USER_PATHS = NO;
				CLANG_ANALYZER_NONNULL = YES;
				CLANG_ANALYZER_NUMBER_OBJECT_CONVERSION = YES_AGGRESSIVE;
				CLANG_CXX_LANGUAGE_STANDARD = "gnu++14";
				CLANG_CXX_LIBRARY = "libc++";
				CLANG_ENABLE_MODULES = YES;
				CLANG_ENABLE_OBJC_ARC = YES;
				CLANG_ENABLE_OBJC_WEAK = YES;
				CLANG_WARN_BLOCK_CAPTURE_AUTORELEASING = YES;
				CLANG_WARN_BOOL_CONVERSION = YES;
				CLANG_WARN_COMMA = YES;
				CLANG_WARN_CONSTANT_CONVERSION = YES;
				CLANG_WARN_DEPRECATED_OBJC_IMPLEMENTATIONS = YES;
				CLANG_WARN_DIRECT_OBJC_ISA_USAGE = YES_ERROR;
				CLANG_WARN_DOCUMENTATION_COMMENTS = YES;
				CLANG_WARN_EMPTY_BODY = YES;
				CLANG_WARN_ENUM_CONVERSION = YES;
				CLANG_WARN_INFINITE_RECURSION = YES;
				CLANG_WARN_INT_CONVERSION = YES;
				CLANG_WARN_NON_LITERAL_NULL_CONVERSION = YES;
				CLANG_WARN_OBJC_IMPLICIT_RETAIN_SELF = YES;
				CLANG_WARN_OBJC_LITERAL_CONVERSION = YES;
				CLANG_WARN_OBJC_ROOT_CLASS = YES_ERROR;
				CLANG_WARN_QUOTED_INCLUDE_IN_FRAMEWORK_HEADER = YES;
				CLANG_WARN_RANGE_LOOP_ANALYSIS = YES;
				CLANG_WARN_STRICT_PROTOTYPES = YES;
				CLANG_WARN_SUSPICIOUS_MOVE = YES;
				CLANG_WARN_UNGUARDED_AVAILABILITY = YES_AGGRESSIVE;
				CLANG_WARN_UNREACHABLE_CODE = YES;
				CLANG_WARN__DUPLICATE_METHOD_MATCH = YES;
				COPY_PHASE_STRIP = NO;
				DEBUG_INFORMATION_FORMAT = dwarf;
				ENABLE_STRICT_OBJC_MSGSEND = YES;
				ENABLE_TESTABILITY = YES;
				GCC_C_LANGUAGE_STANDARD = gnu11;
				GCC_DYNAMIC_NO_PIC = NO;
				GCC_NO_COMMON_BLOCKS = YES;
				GCC_OPTIMIZATION_LEVEL = 0;
				GCC_PREPROCESSOR_DEFINITIONS = (
					"DEBUG=1",
					"$(inherited)",
				);
				GCC_WARN_64_TO_32_BIT_CONVERSION = YES;
				GCC_WARN_ABOUT_RETURN_TYPE = YES_ERROR;
				GCC_WARN_UNDECLARED_SELECTOR = YES;
				GCC_WARN_UNINITIALIZED_AUTOS = YES_AGGRESSIVE;
				GCC_WARN_UNUSED_FUNCTION = YES;
				GCC_WARN_UNUSED_VARIABLE = YES;
				IPHONEOS_DEPLOYMENT_TARGET = 14.5;
				MTL_ENABLE_DEBUG_INFO = INCLUDE_SOURCE;
				MTL_FAST_MATH = YES;
				ONLY_ACTIVE_ARCH = YES;
				SDKROOT = iphoneos;
				SWIFT_ACTIVE_COMPILATION_CONDITIONS = DEBUG;
				SWIFT_OPTIMIZATION_LEVEL = "-Onone";
			};
			name = Debug;
		};
		CEA611602678689000751566 /* Release */ = {
			isa = XCBuildConfiguration;
			buildSettings = {
				ALWAYS_SEARCH_USER_PATHS = NO;
				CLANG_ANALYZER_NONNULL = YES;
				CLANG_ANALYZER_NUMBER_OBJECT_CONVERSION = YES_AGGRESSIVE;
				CLANG_CXX_LANGUAGE_STANDARD = "gnu++14";
				CLANG_CXX_LIBRARY = "libc++";
				CLANG_ENABLE_MODULES = YES;
				CLANG_ENABLE_OBJC_ARC = YES;
				CLANG_ENABLE_OBJC_WEAK = YES;
				CLANG_WARN_BLOCK_CAPTURE_AUTORELEASING = YES;
				CLANG_WARN_BOOL_CONVERSION = YES;
				CLANG_WARN_COMMA = YES;
				CLANG_WARN_CONSTANT_CONVERSION = YES;
				CLANG_WARN_DEPRECATED_OBJC_IMPLEMENTATIONS = YES;
				CLANG_WARN_DIRECT_OBJC_ISA_USAGE = YES_ERROR;
				CLANG_WARN_DOCUMENTATION_COMMENTS = YES;
				CLANG_WARN_EMPTY_BODY = YES;
				CLANG_WARN_ENUM_CONVERSION = YES;
				CLANG_WARN_INFINITE_RECURSION = YES;
				CLANG_WARN_INT_CONVERSION = YES;
				CLANG_WARN_NON_LITERAL_NULL_CONVERSION = YES;
				CLANG_WARN_OBJC_IMPLICIT_RETAIN_SELF = YES;
				CLANG_WARN_OBJC_LITERAL_CONVERSION = YES;
				CLANG_WARN_OBJC_ROOT_CLASS = YES_ERROR;
				CLANG_WARN_QUOTED_INCLUDE_IN_FRAMEWORK_HEADER = YES;
				CLANG_WARN_RANGE_LOOP_ANALYSIS = YES;
				CLANG_WARN_STRICT_PROTOTYPES = YES;
				CLANG_WARN_SUSPICIOUS_MOVE = YES;
				CLANG_WARN_UNGUARDED_AVAILABILITY = YES_AGGRESSIVE;
				CLANG_WARN_UNREACHABLE_CODE = YES;
				CLANG_WARN__DUPLICATE_METHOD_MATCH = YES;
				COPY_PHASE_STRIP = NO;
				DEBUG_INFORMATION_FORMAT = "dwarf-with-dsym";
				ENABLE_NS_ASSERTIONS = NO;
				ENABLE_STRICT_OBJC_MSGSEND = YES;
				GCC_C_LANGUAGE_STANDARD = gnu11;
				GCC_NO_COMMON_BLOCKS = YES;
				GCC_WARN_64_TO_32_BIT_CONVERSION = YES;
				GCC_WARN_ABOUT_RETURN_TYPE = YES_ERROR;
				GCC_WARN_UNDECLARED_SELECTOR = YES;
				GCC_WARN_UNINITIALIZED_AUTOS = YES_AGGRESSIVE;
				GCC_WARN_UNUSED_FUNCTION = YES;
				GCC_WARN_UNUSED_VARIABLE = YES;
				IPHONEOS_DEPLOYMENT_TARGET = 14.5;
				MTL_ENABLE_DEBUG_INFO = NO;
				MTL_FAST_MATH = YES;
				SDKROOT = iphoneos;
				SWIFT_COMPILATION_MODE = wholemodule;
				SWIFT_OPTIMIZATION_LEVEL = "-O";
				VALIDATE_PRODUCT = YES;
			};
			name = Release;
		};
		CEA611622678689000751566 /* Debug */ = {
			isa = XCBuildConfiguration;
			buildSettings = {
				ASSETCATALOG_COMPILER_APPICON_NAME = AppIcon;
				ASSETCATALOG_COMPILER_GLOBAL_ACCENT_COLOR_NAME = AccentColor;
				CODE_SIGN_STYLE = Automatic;
				DEVELOPMENT_TEAM = 98N8TAVGKD;
				INFOPLIST_FILE = roulette/Info.plist;
				LD_RUNPATH_SEARCH_PATHS = (
					"$(inherited)",
					"@executable_path/Frameworks",
				);
				PRODUCT_BUNDLE_IDENTIFIER = com.otuq.roulette;
				PRODUCT_NAME = "$(TARGET_NAME)";
				SWIFT_VERSION = 5.0;
				TARGETED_DEVICE_FAMILY = "1,2";
			};
			name = Debug;
		};
		CEA611632678689000751566 /* Release */ = {
			isa = XCBuildConfiguration;
			buildSettings = {
				ASSETCATALOG_COMPILER_APPICON_NAME = AppIcon;
				ASSETCATALOG_COMPILER_GLOBAL_ACCENT_COLOR_NAME = AccentColor;
				CODE_SIGN_STYLE = Automatic;
				DEVELOPMENT_TEAM = 98N8TAVGKD;
				INFOPLIST_FILE = roulette/Info.plist;
				LD_RUNPATH_SEARCH_PATHS = (
					"$(inherited)",
					"@executable_path/Frameworks",
				);
				PRODUCT_BUNDLE_IDENTIFIER = com.otuq.roulette;
				PRODUCT_NAME = "$(TARGET_NAME)";
				SWIFT_VERSION = 5.0;
				TARGETED_DEVICE_FAMILY = "1,2";
			};
			name = Release;
		};
		CEA611652678689000751566 /* Debug */ = {
			isa = XCBuildConfiguration;
			buildSettings = {
				ALWAYS_EMBED_SWIFT_STANDARD_LIBRARIES = YES;
				BUNDLE_LOADER = "$(TEST_HOST)";
				CODE_SIGN_STYLE = Automatic;
				DEVELOPMENT_TEAM = 98N8TAVGKD;
				INFOPLIST_FILE = rouletteTests/Info.plist;
				IPHONEOS_DEPLOYMENT_TARGET = 14.5;
				LD_RUNPATH_SEARCH_PATHS = (
					"$(inherited)",
					"@executable_path/Frameworks",
					"@loader_path/Frameworks",
				);
				PRODUCT_BUNDLE_IDENTIFIER = com.otuq.rouletteTests;
				PRODUCT_NAME = "$(TARGET_NAME)";
				SWIFT_VERSION = 5.0;
				TARGETED_DEVICE_FAMILY = "1,2";
				TEST_HOST = "$(BUILT_PRODUCTS_DIR)/roulette.app/roulette";
			};
			name = Debug;
		};
		CEA611662678689000751566 /* Release */ = {
			isa = XCBuildConfiguration;
			buildSettings = {
				ALWAYS_EMBED_SWIFT_STANDARD_LIBRARIES = YES;
				BUNDLE_LOADER = "$(TEST_HOST)";
				CODE_SIGN_STYLE = Automatic;
				DEVELOPMENT_TEAM = 98N8TAVGKD;
				INFOPLIST_FILE = rouletteTests/Info.plist;
				IPHONEOS_DEPLOYMENT_TARGET = 14.5;
				LD_RUNPATH_SEARCH_PATHS = (
					"$(inherited)",
					"@executable_path/Frameworks",
					"@loader_path/Frameworks",
				);
				PRODUCT_BUNDLE_IDENTIFIER = com.otuq.rouletteTests;
				PRODUCT_NAME = "$(TARGET_NAME)";
				SWIFT_VERSION = 5.0;
				TARGETED_DEVICE_FAMILY = "1,2";
				TEST_HOST = "$(BUILT_PRODUCTS_DIR)/roulette.app/roulette";
			};
			name = Release;
		};
		CEA611682678689000751566 /* Debug */ = {
			isa = XCBuildConfiguration;
			buildSettings = {
				ALWAYS_EMBED_SWIFT_STANDARD_LIBRARIES = YES;
				CODE_SIGN_STYLE = Automatic;
				DEVELOPMENT_TEAM = 98N8TAVGKD;
				INFOPLIST_FILE = rouletteUITests/Info.plist;
				LD_RUNPATH_SEARCH_PATHS = (
					"$(inherited)",
					"@executable_path/Frameworks",
					"@loader_path/Frameworks",
				);
				PRODUCT_BUNDLE_IDENTIFIER = com.otuq.rouletteUITests;
				PRODUCT_NAME = "$(TARGET_NAME)";
				SWIFT_VERSION = 5.0;
				TARGETED_DEVICE_FAMILY = "1,2";
				TEST_TARGET_NAME = roulette;
			};
			name = Debug;
		};
		CEA611692678689000751566 /* Release */ = {
			isa = XCBuildConfiguration;
			buildSettings = {
				ALWAYS_EMBED_SWIFT_STANDARD_LIBRARIES = YES;
				CODE_SIGN_STYLE = Automatic;
				DEVELOPMENT_TEAM = 98N8TAVGKD;
				INFOPLIST_FILE = rouletteUITests/Info.plist;
				LD_RUNPATH_SEARCH_PATHS = (
					"$(inherited)",
					"@executable_path/Frameworks",
					"@loader_path/Frameworks",
				);
				PRODUCT_BUNDLE_IDENTIFIER = com.otuq.rouletteUITests;
				PRODUCT_NAME = "$(TARGET_NAME)";
				SWIFT_VERSION = 5.0;
				TARGETED_DEVICE_FAMILY = "1,2";
				TEST_TARGET_NAME = roulette;
			};
			name = Release;
		};
/* End XCBuildConfiguration section */

/* Begin XCConfigurationList section */
		CEA611322678688D00751566 /* Build configuration list for PBXProject "roulette" */ = {
			isa = XCConfigurationList;
			buildConfigurations = (
				CEA6115F2678689000751566 /* Debug */,
				CEA611602678689000751566 /* Release */,
			);
			defaultConfigurationIsVisible = 0;
			defaultConfigurationName = Release;
		};
		CEA611612678689000751566 /* Build configuration list for PBXNativeTarget "roulette" */ = {
			isa = XCConfigurationList;
			buildConfigurations = (
				CEA611622678689000751566 /* Debug */,
				CEA611632678689000751566 /* Release */,
			);
			defaultConfigurationIsVisible = 0;
			defaultConfigurationName = Release;
		};
		CEA611642678689000751566 /* Build configuration list for PBXNativeTarget "rouletteTests" */ = {
			isa = XCConfigurationList;
			buildConfigurations = (
				CEA611652678689000751566 /* Debug */,
				CEA611662678689000751566 /* Release */,
			);
			defaultConfigurationIsVisible = 0;
			defaultConfigurationName = Release;
		};
		CEA611672678689000751566 /* Build configuration list for PBXNativeTarget "rouletteUITests" */ = {
			isa = XCConfigurationList;
			buildConfigurations = (
				CEA611682678689000751566 /* Debug */,
				CEA611692678689000751566 /* Release */,
			);
			defaultConfigurationIsVisible = 0;
			defaultConfigurationName = Release;
		};
/* End XCConfigurationList section */

/* Begin XCRemoteSwiftPackageReference section */
		CE44964F269D296B007E4F6A /* XCRemoteSwiftPackageReference "Eureka" */ = {
			isa = XCRemoteSwiftPackageReference;
			repositoryURL = "https://github.com/xmartlabs/Eureka";
			requirement = {
				kind = upToNextMajorVersion;
				minimumVersion = 5.3.3;
			};
		};
		CE449652269D29FA007E4F6A /* XCRemoteSwiftPackageReference "PKHUD" */ = {
			isa = XCRemoteSwiftPackageReference;
			repositoryURL = "https://github.com/pkluz/PKHUD";
			requirement = {
				kind = upToNextMajorVersion;
				minimumVersion = 5.4.0;
			};
		};
		CEB6C2CF268F0A6100C597F1 /* XCRemoteSwiftPackageReference "realm-cocoa" */ = {
			isa = XCRemoteSwiftPackageReference;
			repositoryURL = "https://github.com/realm/realm-cocoa";
			requirement = {
				kind = upToNextMajorVersion;
				minimumVersion = 10.9.0;
			};
		};
/* End XCRemoteSwiftPackageReference section */

/* Begin XCSwiftPackageProductDependency section */
		CE449650269D296B007E4F6A /* Eureka */ = {
			isa = XCSwiftPackageProductDependency;
			package = CE44964F269D296B007E4F6A /* XCRemoteSwiftPackageReference "Eureka" */;
			productName = Eureka;
		};
		CE449653269D29FA007E4F6A /* PKHUD */ = {
			isa = XCSwiftPackageProductDependency;
			package = CE449652269D29FA007E4F6A /* XCRemoteSwiftPackageReference "PKHUD" */;
			productName = PKHUD;
		};
		CEB6C2D0268F0A6100C597F1 /* RealmSwift */ = {
			isa = XCSwiftPackageProductDependency;
			package = CEB6C2CF268F0A6100C597F1 /* XCRemoteSwiftPackageReference "realm-cocoa" */;
			productName = RealmSwift;
		};
/* End XCSwiftPackageProductDependency section */
	};
	rootObject = CEA6112F2678688D00751566 /* Project object */;
}
